
Microsoft Visual Studio Solution File, Format Version 12.00
# Visual Studio Version 16
VisualStudioVersion = 16.0.29215.179
MinimumVisualStudioVersion = 10.0.40219.1
Project("{FAE04EC0-301F-11D3-BF4B-00C04F79EFBC}") = "04_GuessNumber", "04_GuessNumber.csproj", "{A8CF2BB6-E04E-43EE-8833-527FDD02DBDE}"
EndProject
Global
	GlobalSection(SolutionConfigurationPlatforms) = preSolution
		Debug|Any CPU = Debug|Any CPU
		Release|Any CPU = Release|Any CPU
	EndGlobalSection
	GlobalSection(ProjectConfigurationPlatforms) = postSolution
		{A8CF2BB6-E04E-43EE-8833-527FDD02DBDE}.Debug|Any CPU.ActiveCfg = Debug|Any CPU
		{A8CF2BB6-E04E-43EE-8833-527FDD02DBDE}.Debug|Any CPU.Build.0 = Debug|Any CPU
		{A8CF2BB6-E04E-43EE-8833-527FDD02DBDE}.Release|Any CPU.ActiveCfg = Release|Any CPU
		{A8CF2BB6-E04E-43EE-8833-527FDD02DBDE}.Release|Any CPU.Build.0 = Release|Any CPU
	EndGlobalSection
	GlobalSection(SolutionProperties) = preSolution
		HideSolutionNode = FALSE
	EndGlobalSection
	GlobalSection(ExtensibilityGlobals) = postSolution
		SolutionGuid = {5794E35D-353C-4C5C-9209-07BCABDE5E03}
	EndGlobalSection
EndGlobal
